{
    "_meta": {
        "hash": {
            "sha256": "b0c9acb9c0a670653ad64cc9892734a0e8971c027e8b7ce153e2e32d0ac21a1c"
        },
        "pipfile-spec": 6,
        "requires": {
            "python_version": "3.6"
        },
        "sources": [
            {
                "name": "pypi",
                "url": "https://pypi.org/simple",
                "verify_ssl": true
            }
        ]
    },
    "default": {
        "click": {
            "hashes": [
                "sha256:2335065e6395b9e67ca716de5f7526736bfa6ceead690adf616d925bdc622b13",
                "sha256:5b94b49521f6456670fdb30cd82a4eca9412788a93fa6dd6df72c94d5a8ff2d7"
            ],
            "index": "pypi",
            "version": "==7.0"
        },
        "comeback": {
            "editable": true,
            "path": "."
        },
        "pyyaml": {
            "hashes": [
                "sha256:0b83c5697aed17a27efbb631a6a3846501375c6e55112a665b210f223fa69629"
            ],
            "index": "pypi",
            "version": "==5.1b3"
        }
    },
    "develop": {}
}
